{
  "object": {
    "pins": [
      {
        "package": "ArrowKit",
        "repositoryURL": "https://github.com/vknabel/ArrowKit.git",
        "state": {
          "branch": "master",
          "revision": "a8898f28054dc58e1f45a0f36ababc4ac59d28d5",
          "version": null
        }
      }
    ]
  },
  "version": 1
}
