{
  "object": {
    "pins": [
      {
        "package": "ArrowKit",
        "repositoryURL": "https://github.com/vknabel/ArrowKit.git",
        "state": {
          "branch": "master",
          "revision": "bccaf6e2fdf4a8c2a5551b83e3f1ce1130a7cc00",
          "version": null
        }
      }
    ]
  },
  "version": 1
}
