{
  "object": {
    "pins": [
      {
        "package": "ArrowKit",
        "repositoryURL": "https://github.com/vknabel/ArrowKit.git",
        "state": {
          "branch": "master",
          "revision": "909c69b28c4a0688ed071c7a8e19ce6b79045da2",
          "version": null
        }
      }
    ]
  },
  "version": 1
}
